Microsoft Visual Studio Solution File, Format Version 11.00
# Visual Studio 2008

Project("{D1B38E31-2691-2208-2472-B3BD1CA0AAEF}") = "InApps", "Assembly-CSharp-firstpass-vs.csproj", "{6194F83C-6AF0-72DF-C0A5-DD669BBC1CDD}"
EndProject
Project("{D1B38E31-2691-2208-2472-B3BD1CA0AAEF}") = "InApps", "Assembly-CSharp-vs.csproj", "{2BF692D6-FDF2-4AC6-A0D6-CBD5E885B664}"
EndProject
Project("{D1B38E31-2691-2208-2472-B3BD1CA0AAEF}") = "InApps", "Assembly-CSharp-Editor-vs.csproj", "{3FDE732C-0A93-EFA7-BFE1-605A9BDCC863}"
EndProject
Global
	GlobalSection(SolutionConfigurationPlatforms) = preSolution
		Debug|Any CPU = Debug|Any CPU
		Release|Any CPU = Release|Any CPU
	EndGlobalSection
	GlobalSection(ProjectConfigurationPlatforms) = postSolution
		{6194F83C-6AF0-72DF-C0A5-DD669BBC1CDD}.Debug|Any CPU.ActiveCfg = Debug|Any CPU
		{6194F83C-6AF0-72DF-C0A5-DD669BBC1CDD}.Debug|Any CPU.Build.0 = Debug|Any CPU
		{6194F83C-6AF0-72DF-C0A5-DD669BBC1CDD}.Release|Any CPU.ActiveCfg = Release|Any CPU
		{6194F83C-6AF0-72DF-C0A5-DD669BBC1CDD}.Release|Any CPU.Build.0 = Release|Any CPU
		{2BF692D6-FDF2-4AC6-A0D6-CBD5E885B664}.Debug|Any CPU.ActiveCfg = Debug|Any CPU
		{2BF692D6-FDF2-4AC6-A0D6-CBD5E885B664}.Debug|Any CPU.Build.0 = Debug|Any CPU
		{2BF692D6-FDF2-4AC6-A0D6-CBD5E885B664}.Release|Any CPU.ActiveCfg = Release|Any CPU
		{2BF692D6-FDF2-4AC6-A0D6-CBD5E885B664}.Release|Any CPU.Build.0 = Release|Any CPU
		{3FDE732C-0A93-EFA7-BFE1-605A9BDCC863}.Debug|Any CPU.ActiveCfg = Debug|Any CPU
		{3FDE732C-0A93-EFA7-BFE1-605A9BDCC863}.Debug|Any CPU.Build.0 = Debug|Any CPU
		{3FDE732C-0A93-EFA7-BFE1-605A9BDCC863}.Release|Any CPU.ActiveCfg = Release|Any CPU
		{3FDE732C-0A93-EFA7-BFE1-605A9BDCC863}.Release|Any CPU.Build.0 = Release|Any CPU
	EndGlobalSection
	GlobalSection(SolutionProperties) = preSolution
		HideSolutionNode = FALSE
	EndGlobalSection
																																																																																								GlobalSection(MonoDevelopProperties) = preSolution
		StartupItem = Assembly-CSharp.csproj
		Policies = $0
		$0.TextStylePolicy = $1
		$1.inheritsSet = null
		$1.scope = text/x-csharp
		$0.CSharpFormattingPolicy = $2
		$2.inheritsSet = Mono
		$2.inheritsScope = text/x-csharp
		$2.scope = text/x-csharp
		$0.TextStylePolicy = $3
		$3.FileWidth = 120
		$3.TabWidth = 4
		$3.EolMarker = Unix
		$3.inheritsSet = Mono
		$3.inheritsScope = text/plain
		$3.scope = text/plain
	EndGlobalSection

EndGlobal
